
Microsoft Visual Studio Solution File, Format Version 12.00
# Visual Studio Version 16
VisualStudioVersion = 16.0.31321.278
MinimumVisualStudioVersion = 10.0.40219.1
Project("{FAE04EC0-301F-11D3-BF4B-00C04F79EFBC}") = "SocialApp.Backend.Webapi", "SocialApp.Backend.Webapi\SocialApp.Backend.Webapi.csproj", "{F47C1AC9-78F3-4D36-881B-7244FBC908EF}"
EndProject
Global
	GlobalSection(SolutionConfigurationPlatforms) = preSolution
		Debug|Any CPU = Debug|Any CPU
		Release|Any CPU = Release|Any CPU
	EndGlobalSection
	GlobalSection(ProjectConfigurationPlatforms) = postSolution
		{F47C1AC9-78F3-4D36-881B-7244FBC908EF}.Debug|Any CPU.ActiveCfg = Debug|Any CPU
		{F47C1AC9-78F3-4D36-881B-7244FBC908EF}.Debug|Any CPU.Build.0 = Debug|Any CPU
		{F47C1AC9-78F3-4D36-881B-7244FBC908EF}.Release|Any CPU.ActiveCfg = Release|Any CPU
		{F47C1AC9-78F3-4D36-881B-7244FBC908EF}.Release|Any CPU.Build.0 = Release|Any CPU
	EndGlobalSection
	GlobalSection(SolutionProperties) = preSolution
		HideSolutionNode = FALSE
	EndGlobalSection
	GlobalSection(ExtensibilityGlobals) = postSolution
		SolutionGuid = {8E6D8EBE-9936-40ED-A380-D1D43FC72D5D}
	EndGlobalSection
EndGlobal
